
Microsoft Visual Studio Solution File, Format Version 12.00
# Visual Studio 14
VisualStudioVersion = 14.0.24720.0
MinimumVisualStudioVersion = 10.0.40219.1
Project("{CC5FD16D-436D-48AD-A40C-5A424C6E3E79}") = "SJT75CloudService", "SJT75CloudService\SJT75CloudService.ccproj", "{B1D919B4-7FCB-4028-AF1C-FD9660FCBCAF}"
EndProject
Project("{FAE04EC0-301F-11D3-BF4B-00C04F79EFBC}") = "WebRole1", "WebRole1\WebRole1.csproj", "{7DF00A2B-D4DF-448C-A87A-BB211220711A}"
EndProject
Project("{FAE04EC0-301F-11D3-BF4B-00C04F79EFBC}") = "WorkerRole1", "WorkerRole1\WorkerRole1.csproj", "{22C614D1-1E39-4CA9-84D6-87F679B5D564}"
EndProject
Project("{FAE04EC0-301F-11D3-BF4B-00C04F79EFBC}") = "WorkerRoleWithSBQueue1", "WorkerRoleWithSBQueue1\WorkerRoleWithSBQueue1.csproj", "{622C6C3E-75C3-4919-9238-A68E72B7F9A0}"
EndProject
Project("{FAE04EC0-301F-11D3-BF4B-00C04F79EFBC}") = "WCFServiceWebRole1", "WCFServiceWebRole1\WCFServiceWebRole1.csproj", "{DEFC830E-E0C8-48E7-B023-887750CEC342}"
EndProject
Project("{FAE04EC0-301F-11D3-BF4B-00C04F79EFBC}") = "CacheWorkerRole1", "CacheWorkerRole1\CacheWorkerRole1.csproj", "{48804881-0A62-41AD-BF99-46D5F842000F}"
EndProject
Global
	GlobalSection(SolutionConfigurationPlatforms) = preSolution
		Debug|Any CPU = Debug|Any CPU
		Release|Any CPU = Release|Any CPU
	EndGlobalSection
	GlobalSection(ProjectConfigurationPlatforms) = postSolution
		{B1D919B4-7FCB-4028-AF1C-FD9660FCBCAF}.Debug|Any CPU.ActiveCfg = Debug|Any CPU
		{B1D919B4-7FCB-4028-AF1C-FD9660FCBCAF}.Debug|Any CPU.Build.0 = Debug|Any CPU
		{B1D919B4-7FCB-4028-AF1C-FD9660FCBCAF}.Release|Any CPU.ActiveCfg = Release|Any CPU
		{B1D919B4-7FCB-4028-AF1C-FD9660FCBCAF}.Release|Any CPU.Build.0 = Release|Any CPU
		{7DF00A2B-D4DF-448C-A87A-BB211220711A}.Debug|Any CPU.ActiveCfg = Debug|Any CPU
		{7DF00A2B-D4DF-448C-A87A-BB211220711A}.Debug|Any CPU.Build.0 = Debug|Any CPU
		{7DF00A2B-D4DF-448C-A87A-BB211220711A}.Release|Any CPU.ActiveCfg = Release|Any CPU
		{7DF00A2B-D4DF-448C-A87A-BB211220711A}.Release|Any CPU.Build.0 = Release|Any CPU
		{22C614D1-1E39-4CA9-84D6-87F679B5D564}.Debug|Any CPU.ActiveCfg = Debug|Any CPU
		{22C614D1-1E39-4CA9-84D6-87F679B5D564}.Debug|Any CPU.Build.0 = Debug|Any CPU
		{22C614D1-1E39-4CA9-84D6-87F679B5D564}.Release|Any CPU.ActiveCfg = Release|Any CPU
		{22C614D1-1E39-4CA9-84D6-87F679B5D564}.Release|Any CPU.Build.0 = Release|Any CPU
		{622C6C3E-75C3-4919-9238-A68E72B7F9A0}.Debug|Any CPU.ActiveCfg = Debug|Any CPU
		{622C6C3E-75C3-4919-9238-A68E72B7F9A0}.Debug|Any CPU.Build.0 = Debug|Any CPU
		{622C6C3E-75C3-4919-9238-A68E72B7F9A0}.Release|Any CPU.ActiveCfg = Release|Any CPU
		{622C6C3E-75C3-4919-9238-A68E72B7F9A0}.Release|Any CPU.Build.0 = Release|Any CPU
		{DEFC830E-E0C8-48E7-B023-887750CEC342}.Debug|Any CPU.ActiveCfg = Debug|Any CPU
		{DEFC830E-E0C8-48E7-B023-887750CEC342}.Debug|Any CPU.Build.0 = Debug|Any CPU
		{DEFC830E-E0C8-48E7-B023-887750CEC342}.Release|Any CPU.ActiveCfg = Release|Any CPU
		{DEFC830E-E0C8-48E7-B023-887750CEC342}.Release|Any CPU.Build.0 = Release|Any CPU
		{48804881-0A62-41AD-BF99-46D5F842000F}.Debug|Any CPU.ActiveCfg = Debug|Any CPU
		{48804881-0A62-41AD-BF99-46D5F842000F}.Debug|Any CPU.Build.0 = Debug|Any CPU
		{48804881-0A62-41AD-BF99-46D5F842000F}.Release|Any CPU.ActiveCfg = Release|Any CPU
		{48804881-0A62-41AD-BF99-46D5F842000F}.Release|Any CPU.Build.0 = Release|Any CPU
	EndGlobalSection
	GlobalSection(SolutionProperties) = preSolution
		HideSolutionNode = FALSE
	EndGlobalSection
EndGlobal
